
Microsoft Visual Studio Solution File, Format Version 12.00
# Visual Studio Version 16
VisualStudioVersion = 16.0.31205.134
MinimumVisualStudioVersion = 10.0.40219.1
Project("{FAE04EC0-301F-11D3-BF4B-00C04F79EFBC}") = "Scaffolds.DotNet.Common", "Core/Scaffolds.DotNet.Common.Core.csproj", "{1DA54A5D-5933-4186-9B42-C3998072E737}"
EndProject
Global
	GlobalSection(SolutionConfigurationPlatforms) = preSolution
		Debug|Any CPU = Debug|Any CPU
		Release|Any CPU = Release|Any CPU
	EndGlobalSection
	GlobalSection(ProjectConfigurationPlatforms) = postSolution
		{1DA54A5D-5933-4186-9B42-C3998072E737}.Debug|Any CPU.ActiveCfg = Debug|Any CPU
		{1DA54A5D-5933-4186-9B42-C3998072E737}.Debug|Any CPU.Build.0 = Debug|Any CPU
		{1DA54A5D-5933-4186-9B42-C3998072E737}.Release|Any CPU.ActiveCfg = Release|Any CPU
		{1DA54A5D-5933-4186-9B42-C3998072E737}.Release|Any CPU.Build.0 = Release|Any CPU
	EndGlobalSection
	GlobalSection(SolutionProperties) = preSolution
		HideSolutionNode = FALSE
	EndGlobalSection
	GlobalSection(ExtensibilityGlobals) = postSolution
		SolutionGuid = {94D94334-0D14-423B-BD24-3A6C8AE128CF}
	EndGlobalSection
EndGlobal
